
Microsoft Visual Studio Solution File, Format Version 12.00
# Visual Studio 15
VisualStudioVersion = 15.0.26730.12
MinimumVisualStudioVersion = 10.0.40219.1
Project("{FAE04EC0-301F-11D3-BF4B-00C04F79EFBC}") = "YourModernHealthBlog", "YourModernHealthBlog\YourModernHealthBlog.csproj", "{F1A9091E-C008-49B7-A058-B2A32A9AF010}"
EndProject
Global
	GlobalSection(SolutionConfigurationPlatforms) = preSolution
		Debug|Any CPU = Debug|Any CPU
		Release|Any CPU = Release|Any CPU
	EndGlobalSection
	GlobalSection(ProjectConfigurationPlatforms) = postSolution
		{F1A9091E-C008-49B7-A058-B2A32A9AF010}.Debug|Any CPU.ActiveCfg = Debug|Any CPU
		{F1A9091E-C008-49B7-A058-B2A32A9AF010}.Debug|Any CPU.Build.0 = Debug|Any CPU
		{F1A9091E-C008-49B7-A058-B2A32A9AF010}.Release|Any CPU.ActiveCfg = Release|Any CPU
		{F1A9091E-C008-49B7-A058-B2A32A9AF010}.Release|Any CPU.Build.0 = Release|Any CPU
	EndGlobalSection
	GlobalSection(SolutionProperties) = preSolution
		HideSolutionNode = FALSE
	EndGlobalSection
	GlobalSection(ExtensibilityGlobals) = postSolution
		SolutionGuid = {5314FF53-54FA-4F10-94A1-91382C9D4BF2}
	EndGlobalSection
EndGlobal
